
Microsoft Visual Studio Solution File, Format Version 12.00
# Visual Studio Version 16
VisualStudioVersion = 16.0.32630.194
MinimumVisualStudioVersion = 10.0.40219.1
Project("{FAE04EC0-301F-11D3-BF4B-00C04F79EFBC}") = "sem14", "sem14\sem14.csproj", "{3E59E434-1909-4C9B-AFBA-C25366494AC6}"
EndProject
Global
	GlobalSection(SolutionConfigurationPlatforms) = preSolution
		Debug|Any CPU = Debug|Any CPU
		Release|Any CPU = Release|Any CPU
	EndGlobalSection
	GlobalSection(ProjectConfigurationPlatforms) = postSolution
		{3E59E434-1909-4C9B-AFBA-C25366494AC6}.Debug|Any CPU.ActiveCfg = Debug|Any CPU
		{3E59E434-1909-4C9B-AFBA-C25366494AC6}.Debug|Any CPU.Build.0 = Debug|Any CPU
		{3E59E434-1909-4C9B-AFBA-C25366494AC6}.Release|Any CPU.ActiveCfg = Release|Any CPU
		{3E59E434-1909-4C9B-AFBA-C25366494AC6}.Release|Any CPU.Build.0 = Release|Any CPU
	EndGlobalSection
	GlobalSection(SolutionProperties) = preSolution
		HideSolutionNode = FALSE
	EndGlobalSection
	GlobalSection(ExtensibilityGlobals) = postSolution
		SolutionGuid = {D66EA9FB-3231-4FD2-99C6-EEC135C49834}
	EndGlobalSection
EndGlobal
